
Microsoft Visual Studio Solution File, Format Version 12.00
# Visual Studio Version 17
VisualStudioVersion = 17.8.34316.72
MinimumVisualStudioVersion = 10.0.40219.1
Project("{FAE04EC0-301F-11D3-BF4B-00C04F79EFBC}") = "UnitTestAgro", "UnitTestAgro\UnitTestAgro.csproj", "{4AC945A3-D1C7-45DD-B359-DE010107EB3F}"
EndProject
Global
	GlobalSection(SolutionConfigurationPlatforms) = preSolution
		Debug|Any CPU = Debug|Any CPU
		Release|Any CPU = Release|Any CPU
	EndGlobalSection
	GlobalSection(ProjectConfigurationPlatforms) = postSolution
		{4AC945A3-D1C7-45DD-B359-DE010107EB3F}.Debug|Any CPU.ActiveCfg = Debug|Any CPU
		{4AC945A3-D1C7-45DD-B359-DE010107EB3F}.Debug|Any CPU.Build.0 = Debug|Any CPU
		{4AC945A3-D1C7-45DD-B359-DE010107EB3F}.Release|Any CPU.ActiveCfg = Release|Any CPU
		{4AC945A3-D1C7-45DD-B359-DE010107EB3F}.Release|Any CPU.Build.0 = Release|Any CPU
	EndGlobalSection
	GlobalSection(SolutionProperties) = preSolution
		HideSolutionNode = FALSE
	EndGlobalSection
	GlobalSection(ExtensibilityGlobals) = postSolution
		SolutionGuid = {20D4596D-01A6-4AC1-904C-ED2D6B678E1D}
	EndGlobalSection
EndGlobal
